<?xml version="1.0" encoding="utf-8"?>
<Project ToolsVersion="14.0" xmlns="http://schemas.microsoft.com/developer/msbuild/2003">
  <ItemGroup>
    <Filter Include="Resource Files">
      <UniqueIdentifier>{67DA6AB6-F800-4c08-8B7A-83BB121AAD01}</UniqueIdentifier>
      <Extensions>rc;ico;cur;bmp;dlg;rc2;rct;bin;rgs;gif;jpg;jpeg;jpe;resx;tga;tiff;tif;png;wav;mfcribbon-ms</Extensions>
    </Filter>
    <Filter Include="Utilities">
      <UniqueIdentifier>{2d5fee90-2e33-48d2-8ef2-d705b468b739}</UniqueIdentifier>
    </Filter>
  </ItemGroup>
  <ItemGroup>
    <ClCompile Include="dllmain.cpp" />
    <ClCompile Include="WIC_Decoder.cpp" />
    <ClCompile Include="pch.cpp" />
    <ClCompile Include="Utilities\StringUtilities.cpp">
      <Filter>Utilities</Filter>
    </ClCompile>
    <ClCompile Include="Utilities\WicUtilities.cpp">
      <Filter>Utilities</Filter>
    </ClCompile>
  </ItemGroup>
  <ItemGroup>
    <ClInclude Include="WIC_Decoder.h" />
    <ClInclude Include="targetver.h" />
    <ClInclude Include="pch.h" />
    <ClInclude Include="stdafx.h" />
    <ClInclude Include="Utilities\StringUtilities.h">
      <Filter>Utilities</Filter>
    </ClInclude>
    <ClInclude Include="Utilities\WicUtilities.h">
      <Filter>Utilities</Filter>
    </ClInclude>
  </ItemGroup>
</Project>